
Microsoft Visual Studio Solution File, Format Version 12.00
# Visual Studio Version 17
VisualStudioVersion = 17.14.36202.13 d17.14
MinimumVisualStudioVersion = 10.0.40219.1
Project("{FAE04EC0-301F-11D3-BF4B-00C04F79EFBC}") = "Sample2App", "Sample2App.csproj", "{2321EE93-764F-435B-89BC-5BC71DBF0A98}"
EndProject
Global
	GlobalSection(SolutionConfigurationPlatforms) = preSolution
		Debug|Any CPU = Debug|Any CPU
		Release|Any CPU = Release|Any CPU
	EndGlobalSection
	GlobalSection(ProjectConfigurationPlatforms) = postSolution
		{2321EE93-764F-435B-89BC-5BC71DBF0A98}.Debug|Any CPU.ActiveCfg = Debug|Any CPU
		{2321EE93-764F-435B-89BC-5BC71DBF0A98}.Debug|Any CPU.Build.0 = Debug|Any CPU
		{2321EE93-764F-435B-89BC-5BC71DBF0A98}.Release|Any CPU.ActiveCfg = Release|Any CPU
		{2321EE93-764F-435B-89BC-5BC71DBF0A98}.Release|Any CPU.Build.0 = Release|Any CPU
	EndGlobalSection
	GlobalSection(SolutionProperties) = preSolution
		HideSolutionNode = FALSE
	EndGlobalSection
	GlobalSection(ExtensibilityGlobals) = postSolution
		SolutionGuid = {CC4A0CB7-5D3A-435B-9395-6EEF6FCEFAA8}
	EndGlobalSection
EndGlobal
