
Microsoft Visual Studio Solution File, Format Version 12.00
# Visual Studio Version 17
VisualStudioVersion = 17.14.36203.30
MinimumVisualStudioVersion = 10.0.40219.1
Project("{FAE04EC0-301F-11D3-BF4B-00C04F79EFBC}") = "AuthenticationDemo", "AuthenticationDemo.csproj", "{21E353BA-FA9F-4D3C-914B-C0FB73DA0FA0}"
EndProject
Project("{FAE04EC0-301F-11D3-BF4B-00C04F79EFBC}") = "WebAppIntegration", "..\WebAppIntegration\WebAppIntegration.csproj", "{04F1B02F-06F0-4B66-8299-6669D9D6D624}"
EndProject
Global
	GlobalSection(SolutionConfigurationPlatforms) = preSolution
		Debug|Any CPU = Debug|Any CPU
		Release|Any CPU = Release|Any CPU
	EndGlobalSection
	GlobalSection(ProjectConfigurationPlatforms) = postSolution
		{21E353BA-FA9F-4D3C-914B-C0FB73DA0FA0}.Debug|Any CPU.ActiveCfg = Debug|Any CPU
		{21E353BA-FA9F-4D3C-914B-C0FB73DA0FA0}.Debug|Any CPU.Build.0 = Debug|Any CPU
		{21E353BA-FA9F-4D3C-914B-C0FB73DA0FA0}.Release|Any CPU.ActiveCfg = Release|Any CPU
		{21E353BA-FA9F-4D3C-914B-C0FB73DA0FA0}.Release|Any CPU.Build.0 = Release|Any CPU
		{04F1B02F-06F0-4B66-8299-6669D9D6D624}.Debug|Any CPU.ActiveCfg = Debug|Any CPU
		{04F1B02F-06F0-4B66-8299-6669D9D6D624}.Debug|Any CPU.Build.0 = Debug|Any CPU
		{04F1B02F-06F0-4B66-8299-6669D9D6D624}.Release|Any CPU.ActiveCfg = Release|Any CPU
		{04F1B02F-06F0-4B66-8299-6669D9D6D624}.Release|Any CPU.Build.0 = Release|Any CPU
	EndGlobalSection
	GlobalSection(SolutionProperties) = preSolution
		HideSolutionNode = FALSE
	EndGlobalSection
	GlobalSection(ExtensibilityGlobals) = postSolution
		SolutionGuid = {4D2C2F21-0D2A-487A-B1E8-752EE99A920C}
	EndGlobalSection
EndGlobal
